
Microsoft Visual Studio Solution File, Format Version 12.00
# Visual Studio Version 16
VisualStudioVersion = 16.0.31129.286
MinimumVisualStudioVersion = 10.0.40219.1
Project("{FAE04EC0-301F-11D3-BF4B-00C04F79EFBC}") = "GenericClass", "GenericClass\GenericClass.csproj", "{38192870-233E-4735-AFA1-9446C6B5EE83}"
EndProject
Global
	GlobalSection(SolutionConfigurationPlatforms) = preSolution
		Debug|Any CPU = Debug|Any CPU
		Release|Any CPU = Release|Any CPU
	EndGlobalSection
	GlobalSection(ProjectConfigurationPlatforms) = postSolution
		{38192870-233E-4735-AFA1-9446C6B5EE83}.Debug|Any CPU.ActiveCfg = Debug|Any CPU
		{38192870-233E-4735-AFA1-9446C6B5EE83}.Debug|Any CPU.Build.0 = Debug|Any CPU
		{38192870-233E-4735-AFA1-9446C6B5EE83}.Release|Any CPU.ActiveCfg = Release|Any CPU
		{38192870-233E-4735-AFA1-9446C6B5EE83}.Release|Any CPU.Build.0 = Release|Any CPU
	EndGlobalSection
	GlobalSection(SolutionProperties) = preSolution
		HideSolutionNode = FALSE
	EndGlobalSection
	GlobalSection(ExtensibilityGlobals) = postSolution
		SolutionGuid = {B713C38D-5848-4AC9-92E2-E553F201BF67}
	EndGlobalSection
EndGlobal
